
Microsoft Visual Studio Solution File, Format Version 12.00
# Visual Studio Version 16
VisualStudioVersion = 16.0.30330.147
MinimumVisualStudioVersion = 10.0.40219.1
Project("{9A19103F-16F7-4668-BE54-9A1E7A4F7556}") = "Test_example", "SolutionApi\Test_example\Test_example.csproj", "{DE4C53AC-F0C9-4AF5-919B-9131129A39C8}"
EndProject
Project("{2150E333-8FDC-42A3-9474-1A3956D46DE8}") = "Tests", "Tests", "{E0865837-FC8D-43C1-8CF7-437C89E7731D}"
EndProject
Project("{9A19103F-16F7-4668-BE54-9A1E7A4F7556}") = "Test_example.Domain", "SolutionApi\Test_example.Domain\Test_example.Domain.csproj", "{0B78F3EE-0290-45EF-A36F-4B284CD8A967}"
EndProject
Project("{9A19103F-16F7-4668-BE54-9A1E7A4F7556}") = "Test_example.Service", "SolutionApi\Test_example.Service\Test_example.Service.csproj", "{A0BB486F-5DF8-412F-AEF2-F22BD51FDBD7}"
EndProject
Project("{9A19103F-16F7-4668-BE54-9A1E7A4F7556}") = "Test_example.Messaging", "SolutionApi\Test_example.Messaging\Test_example.Messaging.csproj", "{A6F900C3-A6A8-4061-ABC9-5169885504C0}"
EndProject
Project("{2150E333-8FDC-42A3-9474-1A3956D46DE8}") = "Back", "Back", "{613DBD4C-BF6A-414A-827D-2D2FB6F958B9}"
EndProject
Project("{9A19103F-16F7-4668-BE54-9A1E7A4F7556}") = "Test_Example.Back.Data", "WorkerBack\Test_Example.Back.Data\Test_Example.Back.Data.csproj", "{F46F743B-42A1-4416-8E91-BC1103C707DA}"
EndProject
Project("{9A19103F-16F7-4668-BE54-9A1E7A4F7556}") = "Test_Example.Back.Domain", "WorkerBack\Test_Example.Back.Domain\Test_Example.Back.Domain.csproj", "{100B1FF3-941F-40D9-AD0E-43F0DD944DF3}"
EndProject
Project("{9A19103F-16F7-4668-BE54-9A1E7A4F7556}") = "Test_Example.Back.Messaging", "WorkerBack\Test_Example.Back.Messaging\Test_Example.Back.Messaging.csproj", "{67109EFE-4CAA-49FD-AA81-FCDD072EB421}"
EndProject
Project("{9A19103F-16F7-4668-BE54-9A1E7A4F7556}") = "Test_Example.Back.Services", "WorkerBack\Test_Example.Back.Services\Test_Example.Back.Services.csproj", "{7AC48D0F-A034-45D4-B1C3-0678224CEACD}"
EndProject
Project("{9A19103F-16F7-4668-BE54-9A1E7A4F7556}") = "Test_Example.Worker.Back", "WorkerBack\Test_Example.Worker.Back\Test_Example.Worker.Back.csproj", "{36B258AF-BC1C-4244-A608-413ADBA69851}"
EndProject
Project("{2150E333-8FDC-42A3-9474-1A3956D46DE8}") = "Api", "Api", "{CD773BDD-71B3-4AEA-8600-7BABCDF47DE6}"
EndProject
Project("{2150E333-8FDC-42A3-9474-1A3956D46DE8}") = "Back", "Back", "{1E2EFE41-0C98-4B6D-9C2C-BC9813727074}"
EndProject
Project("{9A19103F-16F7-4668-BE54-9A1E7A4F7556}") = "Test_Example.Back.Data.Test", "Tests\Test_Example.Back.Data.Test\Test_Example.Back.Data.Test.csproj", "{FC192F45-3C18-4A2B-A4E4-B489E95D8507}"
EndProject
Project("{2150E333-8FDC-42A3-9474-1A3956D46DE8}") = "Api", "Api", "{68B64429-0451-40DC-AD40-22CA44AFC6C1}"
EndProject
Global
	GlobalSection(SolutionConfigurationPlatforms) = preSolution
		Debug|Any CPU = Debug|Any CPU
		Release|Any CPU = Release|Any CPU
	EndGlobalSection
	GlobalSection(ProjectConfigurationPlatforms) = postSolution
		{DE4C53AC-F0C9-4AF5-919B-9131129A39C8}.Debug|Any CPU.ActiveCfg = Debug|Any CPU
		{DE4C53AC-F0C9-4AF5-919B-9131129A39C8}.Debug|Any CPU.Build.0 = Debug|Any CPU
		{DE4C53AC-F0C9-4AF5-919B-9131129A39C8}.Release|Any CPU.ActiveCfg = Release|Any CPU
		{DE4C53AC-F0C9-4AF5-919B-9131129A39C8}.Release|Any CPU.Build.0 = Release|Any CPU
		{0B78F3EE-0290-45EF-A36F-4B284CD8A967}.Debug|Any CPU.ActiveCfg = Debug|Any CPU
		{0B78F3EE-0290-45EF-A36F-4B284CD8A967}.Debug|Any CPU.Build.0 = Debug|Any CPU
		{0B78F3EE-0290-45EF-A36F-4B284CD8A967}.Release|Any CPU.ActiveCfg = Release|Any CPU
		{0B78F3EE-0290-45EF-A36F-4B284CD8A967}.Release|Any CPU.Build.0 = Release|Any CPU
		{A0BB486F-5DF8-412F-AEF2-F22BD51FDBD7}.Debug|Any CPU.ActiveCfg = Debug|Any CPU
		{A0BB486F-5DF8-412F-AEF2-F22BD51FDBD7}.Debug|Any CPU.Build.0 = Debug|Any CPU
		{A0BB486F-5DF8-412F-AEF2-F22BD51FDBD7}.Release|Any CPU.ActiveCfg = Release|Any CPU
		{A0BB486F-5DF8-412F-AEF2-F22BD51FDBD7}.Release|Any CPU.Build.0 = Release|Any CPU
		{A6F900C3-A6A8-4061-ABC9-5169885504C0}.Debug|Any CPU.ActiveCfg = Debug|Any CPU
		{A6F900C3-A6A8-4061-ABC9-5169885504C0}.Debug|Any CPU.Build.0 = Debug|Any CPU
		{A6F900C3-A6A8-4061-ABC9-5169885504C0}.Release|Any CPU.ActiveCfg = Release|Any CPU
		{A6F900C3-A6A8-4061-ABC9-5169885504C0}.Release|Any CPU.Build.0 = Release|Any CPU
		{72636E44-99A0-43D4-BFD5-F070E5276D37}.Debug|Any CPU.ActiveCfg = Debug|Any CPU
		{72636E44-99A0-43D4-BFD5-F070E5276D37}.Debug|Any CPU.Build.0 = Debug|Any CPU
		{72636E44-99A0-43D4-BFD5-F070E5276D37}.Release|Any CPU.ActiveCfg = Release|Any CPU
		{72636E44-99A0-43D4-BFD5-F070E5276D37}.Release|Any CPU.Build.0 = Release|Any CPU
		{F46F743B-42A1-4416-8E91-BC1103C707DA}.Debug|Any CPU.ActiveCfg = Debug|Any CPU
		{F46F743B-42A1-4416-8E91-BC1103C707DA}.Debug|Any CPU.Build.0 = Debug|Any CPU
		{F46F743B-42A1-4416-8E91-BC1103C707DA}.Release|Any CPU.ActiveCfg = Release|Any CPU
		{F46F743B-42A1-4416-8E91-BC1103C707DA}.Release|Any CPU.Build.0 = Release|Any CPU
		{100B1FF3-941F-40D9-AD0E-43F0DD944DF3}.Debug|Any CPU.ActiveCfg = Debug|Any CPU
		{100B1FF3-941F-40D9-AD0E-43F0DD944DF3}.Debug|Any CPU.Build.0 = Debug|Any CPU
		{100B1FF3-941F-40D9-AD0E-43F0DD944DF3}.Release|Any CPU.ActiveCfg = Release|Any CPU
		{100B1FF3-941F-40D9-AD0E-43F0DD944DF3}.Release|Any CPU.Build.0 = Release|Any CPU
		{67109EFE-4CAA-49FD-AA81-FCDD072EB421}.Debug|Any CPU.ActiveCfg = Debug|Any CPU
		{67109EFE-4CAA-49FD-AA81-FCDD072EB421}.Debug|Any CPU.Build.0 = Debug|Any CPU
		{67109EFE-4CAA-49FD-AA81-FCDD072EB421}.Release|Any CPU.ActiveCfg = Release|Any CPU
		{67109EFE-4CAA-49FD-AA81-FCDD072EB421}.Release|Any CPU.Build.0 = Release|Any CPU
		{7AC48D0F-A034-45D4-B1C3-0678224CEACD}.Debug|Any CPU.ActiveCfg = Debug|Any CPU
		{7AC48D0F-A034-45D4-B1C3-0678224CEACD}.Debug|Any CPU.Build.0 = Debug|Any CPU
		{7AC48D0F-A034-45D4-B1C3-0678224CEACD}.Release|Any CPU.ActiveCfg = Release|Any CPU
		{7AC48D0F-A034-45D4-B1C3-0678224CEACD}.Release|Any CPU.Build.0 = Release|Any CPU
		{36B258AF-BC1C-4244-A608-413ADBA69851}.Debug|Any CPU.ActiveCfg = Debug|Any CPU
		{36B258AF-BC1C-4244-A608-413ADBA69851}.Debug|Any CPU.Build.0 = Debug|Any CPU
		{36B258AF-BC1C-4244-A608-413ADBA69851}.Release|Any CPU.ActiveCfg = Release|Any CPU
		{36B258AF-BC1C-4244-A608-413ADBA69851}.Release|Any CPU.Build.0 = Release|Any CPU
		{FC192F45-3C18-4A2B-A4E4-B489E95D8507}.Debug|Any CPU.ActiveCfg = Debug|Any CPU
		{FC192F45-3C18-4A2B-A4E4-B489E95D8507}.Debug|Any CPU.Build.0 = Debug|Any CPU
		{FC192F45-3C18-4A2B-A4E4-B489E95D8507}.Release|Any CPU.ActiveCfg = Release|Any CPU
		{FC192F45-3C18-4A2B-A4E4-B489E95D8507}.Release|Any CPU.Build.0 = Release|Any CPU
	EndGlobalSection
	GlobalSection(SolutionProperties) = preSolution
		HideSolutionNode = FALSE
	EndGlobalSection
	GlobalSection(NestedProjects) = preSolution
		{DE4C53AC-F0C9-4AF5-919B-9131129A39C8} = {68B64429-0451-40DC-AD40-22CA44AFC6C1}
		{0B78F3EE-0290-45EF-A36F-4B284CD8A967} = {68B64429-0451-40DC-AD40-22CA44AFC6C1}
		{A0BB486F-5DF8-412F-AEF2-F22BD51FDBD7} = {68B64429-0451-40DC-AD40-22CA44AFC6C1}
		{A6F900C3-A6A8-4061-ABC9-5169885504C0} = {68B64429-0451-40DC-AD40-22CA44AFC6C1}
		{72636E44-99A0-43D4-BFD5-F070E5276D37} = {613DBD4C-BF6A-414A-827D-2D2FB6F958B9}
		{F46F743B-42A1-4416-8E91-BC1103C707DA} = {613DBD4C-BF6A-414A-827D-2D2FB6F958B9}
		{100B1FF3-941F-40D9-AD0E-43F0DD944DF3} = {613DBD4C-BF6A-414A-827D-2D2FB6F958B9}
		{67109EFE-4CAA-49FD-AA81-FCDD072EB421} = {613DBD4C-BF6A-414A-827D-2D2FB6F958B9}
		{7AC48D0F-A034-45D4-B1C3-0678224CEACD} = {613DBD4C-BF6A-414A-827D-2D2FB6F958B9}
		{36B258AF-BC1C-4244-A608-413ADBA69851} = {613DBD4C-BF6A-414A-827D-2D2FB6F958B9}
		{CD773BDD-71B3-4AEA-8600-7BABCDF47DE6} = {E0865837-FC8D-43C1-8CF7-437C89E7731D}
		{1E2EFE41-0C98-4B6D-9C2C-BC9813727074} = {E0865837-FC8D-43C1-8CF7-437C89E7731D}
		{FC192F45-3C18-4A2B-A4E4-B489E95D8507} = {1E2EFE41-0C98-4B6D-9C2C-BC9813727074}
	EndGlobalSection
	GlobalSection(ExtensibilityGlobals) = postSolution
		SolutionGuid = {6100BC64-8AAE-48EB-AAD2-B44814FF89F2}
	EndGlobalSection
EndGlobal
